
Microsoft Visual Studio Solution File, Format Version 12.00
# Visual Studio Version 16
VisualStudioVersion = 16.0.30804.86
MinimumVisualStudioVersion = 10.0.40219.1
Project("{FAE04EC0-301F-11D3-BF4B-00C04F79EFBC}") = "DeleteParentThenChild.Plugin", "DeleteParentThenChild.Plugin\DeleteParentThenChild.Plugin.csproj", "{A3196B53-8619-4995-85DC-E4B42A5B99A1}"
EndProject
Project("{FAE04EC0-301F-11D3-BF4B-00C04F79EFBC}") = "DeleteParentThenChild.Tests", "DeleteParentThenChild.Tests\DeleteParentThenChild.Tests.csproj", "{E3CE6EC9-2995-4A88-AF01-7445C14359E4}"
EndProject
Global
	GlobalSection(SolutionConfigurationPlatforms) = preSolution
		Debug|Any CPU = Debug|Any CPU
		Release|Any CPU = Release|Any CPU
	EndGlobalSection
	GlobalSection(ProjectConfigurationPlatforms) = postSolution
		{A3196B53-8619-4995-85DC-E4B42A5B99A1}.Debug|Any CPU.ActiveCfg = Debug|Any CPU
		{A3196B53-8619-4995-85DC-E4B42A5B99A1}.Debug|Any CPU.Build.0 = Debug|Any CPU
		{A3196B53-8619-4995-85DC-E4B42A5B99A1}.Release|Any CPU.ActiveCfg = Release|Any CPU
		{A3196B53-8619-4995-85DC-E4B42A5B99A1}.Release|Any CPU.Build.0 = Release|Any CPU
		{E3CE6EC9-2995-4A88-AF01-7445C14359E4}.Debug|Any CPU.ActiveCfg = Debug|Any CPU
		{E3CE6EC9-2995-4A88-AF01-7445C14359E4}.Debug|Any CPU.Build.0 = Debug|Any CPU
		{E3CE6EC9-2995-4A88-AF01-7445C14359E4}.Release|Any CPU.ActiveCfg = Release|Any CPU
		{E3CE6EC9-2995-4A88-AF01-7445C14359E4}.Release|Any CPU.Build.0 = Release|Any CPU
	EndGlobalSection
	GlobalSection(SolutionProperties) = preSolution
		HideSolutionNode = FALSE
	EndGlobalSection
	GlobalSection(ExtensibilityGlobals) = postSolution
		SolutionGuid = {495A295C-E6A2-4D9C-8054-F704FC8DBA20}
	EndGlobalSection
EndGlobal
